
Microsoft Visual Studio Solution File, Format Version 12.00
# Visual Studio Version 17
VisualStudioVersion = 17.11.35431.28
MinimumVisualStudioVersion = 10.0.40219.1
Project("{FAE04EC0-301F-11D3-BF4B-00C04F79EFBC}") = "Tries", "Tries\Tries.csproj", "{A980F6E1-B1FB-4648-A89C-241C04AA04F3}"
EndProject
Global
	GlobalSection(SolutionConfigurationPlatforms) = preSolution
		Debug|Any CPU = Debug|Any CPU
		Release|Any CPU = Release|Any CPU
	EndGlobalSection
	GlobalSection(ProjectConfigurationPlatforms) = postSolution
		{A980F6E1-B1FB-4648-A89C-241C04AA04F3}.Debug|Any CPU.ActiveCfg = Debug|Any CPU
		{A980F6E1-B1FB-4648-A89C-241C04AA04F3}.Debug|Any CPU.Build.0 = Debug|Any CPU
		{A980F6E1-B1FB-4648-A89C-241C04AA04F3}.Release|Any CPU.ActiveCfg = Release|Any CPU
		{A980F6E1-B1FB-4648-A89C-241C04AA04F3}.Release|Any CPU.Build.0 = Release|Any CPU
	EndGlobalSection
	GlobalSection(SolutionProperties) = preSolution
		HideSolutionNode = FALSE
	EndGlobalSection
	GlobalSection(ExtensibilityGlobals) = postSolution
		SolutionGuid = {D7F5A43A-958D-4870-87B0-EE8C04615DF5}
	EndGlobalSection
EndGlobal
